
Microsoft Visual Studio Solution File, Format Version 12.00
# Visual Studio 15
VisualStudioVersion = 15.0.27428.2005
MinimumVisualStudioVersion = 10.0.40219.1
Project("{FAE04EC0-301F-11D3-BF4B-00C04F79EFBC}") = "ApiPortDemo", "ApiPortDemo\ApiPortDemo.csproj", "{10ECDB79-47C1-4439-9558-261CECE5428A}"
EndProject
Project("{FAE04EC0-301F-11D3-BF4B-00C04F79EFBC}") = "ApiPortDemo.WebAPI", "ApiPortDemo.WebAPI\ApiPortDemo.WebAPI.csproj", "{3167BAB1-7360-4AAF-A912-6DCEE6B53264}"
EndProject
Global
	GlobalSection(SolutionConfigurationPlatforms) = preSolution
		Debug|Any CPU = Debug|Any CPU
		Release|Any CPU = Release|Any CPU
	EndGlobalSection
	GlobalSection(ProjectConfigurationPlatforms) = postSolution
		{10ECDB79-47C1-4439-9558-261CECE5428A}.Debug|Any CPU.ActiveCfg = Debug|Any CPU
		{10ECDB79-47C1-4439-9558-261CECE5428A}.Debug|Any CPU.Build.0 = Debug|Any CPU
		{10ECDB79-47C1-4439-9558-261CECE5428A}.Release|Any CPU.ActiveCfg = Release|Any CPU
		{10ECDB79-47C1-4439-9558-261CECE5428A}.Release|Any CPU.Build.0 = Release|Any CPU
		{3167BAB1-7360-4AAF-A912-6DCEE6B53264}.Debug|Any CPU.ActiveCfg = Debug|Any CPU
		{3167BAB1-7360-4AAF-A912-6DCEE6B53264}.Debug|Any CPU.Build.0 = Debug|Any CPU
		{3167BAB1-7360-4AAF-A912-6DCEE6B53264}.Release|Any CPU.ActiveCfg = Release|Any CPU
		{3167BAB1-7360-4AAF-A912-6DCEE6B53264}.Release|Any CPU.Build.0 = Release|Any CPU
	EndGlobalSection
	GlobalSection(SolutionProperties) = preSolution
		HideSolutionNode = FALSE
	EndGlobalSection
	GlobalSection(ExtensibilityGlobals) = postSolution
		SolutionGuid = {1D825688-A34B-4964-B79C-5DD72B3CDD9D}
	EndGlobalSection
EndGlobal
