
Microsoft Visual Studio Solution File, Format Version 12.00
# Visual Studio Version 16
VisualStudioVersion = 16.0.29409.12
MinimumVisualStudioVersion = 10.0.40219.1
Project("{9A19103F-16F7-4668-BE54-9A1E7A4F7556}") = "UserSecrets", "UserSecrets.csproj", "{20DA0297-10FB-4CBE-A65E-6375723E2638}"
EndProject
Global
	GlobalSection(SolutionConfigurationPlatforms) = preSolution
		Debug|Any CPU = Debug|Any CPU
		Release|Any CPU = Release|Any CPU
	EndGlobalSection
	GlobalSection(ProjectConfigurationPlatforms) = postSolution
		{20DA0297-10FB-4CBE-A65E-6375723E2638}.Debug|Any CPU.ActiveCfg = Debug|Any CPU
		{20DA0297-10FB-4CBE-A65E-6375723E2638}.Debug|Any CPU.Build.0 = Debug|Any CPU
		{20DA0297-10FB-4CBE-A65E-6375723E2638}.Release|Any CPU.ActiveCfg = Release|Any CPU
		{20DA0297-10FB-4CBE-A65E-6375723E2638}.Release|Any CPU.Build.0 = Release|Any CPU
	EndGlobalSection
	GlobalSection(SolutionProperties) = preSolution
		HideSolutionNode = FALSE
	EndGlobalSection
	GlobalSection(ExtensibilityGlobals) = postSolution
		SolutionGuid = {8F4F1AB4-861A-4837-80AF-2F24E1B1604E}
	EndGlobalSection
EndGlobal
