
Microsoft Visual Studio Solution File, Format Version 12.00
# Visual Studio Version 16
VisualStudioVersion = 16.0.28803.352
MinimumVisualStudioVersion = 15.0.26124.0
Project("{9A19103F-16F7-4668-BE54-9A1E7A4F7556}") = "DiscountCalculator.API", "DiscountCalculator.API\DiscountCalculator.API.csproj", "{32D12E85-0545-4493-9927-E681F731E187}"
EndProject
Project("{9A19103F-16F7-4668-BE54-9A1E7A4F7556}") = "DiscountCalculator.Core", "DiscountCalculator.Core\DiscountCalculator.Core.csproj", "{A6429B9C-9435-42E3-9CAF-F95077FEDFD8}"
EndProject
Project("{FAE04EC0-301F-11D3-BF4B-00C04F79EFBC}") = "DiscountCalculator.CLI", "DiscountCalculator.CLI\DiscountCalculator.CLI.csproj", "{460BD1AD-2A94-4C37-A2E3-FBCBDCBCDC51}"
EndProject
Global
	GlobalSection(SolutionConfigurationPlatforms) = preSolution
		Debug|Any CPU = Debug|Any CPU
		Debug|x64 = Debug|x64
		Debug|x86 = Debug|x86
		Release|Any CPU = Release|Any CPU
		Release|x64 = Release|x64
		Release|x86 = Release|x86
	EndGlobalSection
	GlobalSection(ProjectConfigurationPlatforms) = postSolution
		{32D12E85-0545-4493-9927-E681F731E187}.Debug|Any CPU.ActiveCfg = Debug|Any CPU
		{32D12E85-0545-4493-9927-E681F731E187}.Debug|Any CPU.Build.0 = Debug|Any CPU
		{32D12E85-0545-4493-9927-E681F731E187}.Debug|x64.ActiveCfg = Debug|Any CPU
		{32D12E85-0545-4493-9927-E681F731E187}.Debug|x64.Build.0 = Debug|Any CPU
		{32D12E85-0545-4493-9927-E681F731E187}.Debug|x86.ActiveCfg = Debug|Any CPU
		{32D12E85-0545-4493-9927-E681F731E187}.Debug|x86.Build.0 = Debug|Any CPU
		{32D12E85-0545-4493-9927-E681F731E187}.Release|Any CPU.ActiveCfg = Release|Any CPU
		{32D12E85-0545-4493-9927-E681F731E187}.Release|Any CPU.Build.0 = Release|Any CPU
		{32D12E85-0545-4493-9927-E681F731E187}.Release|x64.ActiveCfg = Release|Any CPU
		{32D12E85-0545-4493-9927-E681F731E187}.Release|x64.Build.0 = Release|Any CPU
		{32D12E85-0545-4493-9927-E681F731E187}.Release|x86.ActiveCfg = Release|Any CPU
		{32D12E85-0545-4493-9927-E681F731E187}.Release|x86.Build.0 = Release|Any CPU
		{A6429B9C-9435-42E3-9CAF-F95077FEDFD8}.Debug|Any CPU.ActiveCfg = Debug|Any CPU
		{A6429B9C-9435-42E3-9CAF-F95077FEDFD8}.Debug|Any CPU.Build.0 = Debug|Any CPU
		{A6429B9C-9435-42E3-9CAF-F95077FEDFD8}.Debug|x64.ActiveCfg = Debug|Any CPU
		{A6429B9C-9435-42E3-9CAF-F95077FEDFD8}.Debug|x64.Build.0 = Debug|Any CPU
		{A6429B9C-9435-42E3-9CAF-F95077FEDFD8}.Debug|x86.ActiveCfg = Debug|Any CPU
		{A6429B9C-9435-42E3-9CAF-F95077FEDFD8}.Debug|x86.Build.0 = Debug|Any CPU
		{A6429B9C-9435-42E3-9CAF-F95077FEDFD8}.Release|Any CPU.ActiveCfg = Release|Any CPU
		{A6429B9C-9435-42E3-9CAF-F95077FEDFD8}.Release|Any CPU.Build.0 = Release|Any CPU
		{A6429B9C-9435-42E3-9CAF-F95077FEDFD8}.Release|x64.ActiveCfg = Release|Any CPU
		{A6429B9C-9435-42E3-9CAF-F95077FEDFD8}.Release|x64.Build.0 = Release|Any CPU
		{A6429B9C-9435-42E3-9CAF-F95077FEDFD8}.Release|x86.ActiveCfg = Release|Any CPU
		{A6429B9C-9435-42E3-9CAF-F95077FEDFD8}.Release|x86.Build.0 = Release|Any CPU
		{460BD1AD-2A94-4C37-A2E3-FBCBDCBCDC51}.Debug|Any CPU.ActiveCfg = Debug|Any CPU
		{460BD1AD-2A94-4C37-A2E3-FBCBDCBCDC51}.Debug|Any CPU.Build.0 = Debug|Any CPU
		{460BD1AD-2A94-4C37-A2E3-FBCBDCBCDC51}.Debug|x64.ActiveCfg = Debug|Any CPU
		{460BD1AD-2A94-4C37-A2E3-FBCBDCBCDC51}.Debug|x64.Build.0 = Debug|Any CPU
		{460BD1AD-2A94-4C37-A2E3-FBCBDCBCDC51}.Debug|x86.ActiveCfg = Debug|Any CPU
		{460BD1AD-2A94-4C37-A2E3-FBCBDCBCDC51}.Debug|x86.Build.0 = Debug|Any CPU
		{460BD1AD-2A94-4C37-A2E3-FBCBDCBCDC51}.Release|Any CPU.ActiveCfg = Release|Any CPU
		{460BD1AD-2A94-4C37-A2E3-FBCBDCBCDC51}.Release|Any CPU.Build.0 = Release|Any CPU
		{460BD1AD-2A94-4C37-A2E3-FBCBDCBCDC51}.Release|x64.ActiveCfg = Release|Any CPU
		{460BD1AD-2A94-4C37-A2E3-FBCBDCBCDC51}.Release|x64.Build.0 = Release|Any CPU
		{460BD1AD-2A94-4C37-A2E3-FBCBDCBCDC51}.Release|x86.ActiveCfg = Release|Any CPU
		{460BD1AD-2A94-4C37-A2E3-FBCBDCBCDC51}.Release|x86.Build.0 = Release|Any CPU
	EndGlobalSection
	GlobalSection(SolutionProperties) = preSolution
		HideSolutionNode = FALSE
	EndGlobalSection
	GlobalSection(ExtensibilityGlobals) = postSolution
		SolutionGuid = {946B5AD6-8D01-467D-B002-16FAA35B45AA}
	EndGlobalSection
EndGlobal
